// !$*UTF8*$!
{
	archiveVersion = 1;
	classes = {
	};
	objectVersion = 56;
	objects = {

/* Begin PBXBuildFile section */
		DC481D4D2908F8C100552C85 /* UnicornApp.swift in Sources */ = {isa = PBXBuildFile; fileRef = DC481D4C2908F8C100552C85 /* UnicornApp.swift */; };
		DC481D4F2908F8C100552C85 /* ContentView.swift in Sources */ = {isa = PBXBuildFile; fileRef = DC481D4E2908F8C100552C85 /* ContentView.swift */; };
		DC481D512908F8C300552C85 /* Assets.xcassets in Resources */ = {isa = PBXBuildFile; fileRef = DC481D502908F8C300552C85 /* Assets.xcassets */; };
		DC481D542908F8C300552C85 /* Preview Assets.xcassets in Resources */ = {isa = PBXBuildFile; fileRef = DC481D532908F8C300552C85 /* Preview Assets.xcassets */; };
		DC481D5E2908F8C300552C85 /* UnicornTests.swift in Sources */ = {isa = PBXBuildFile; fileRef = DC481D5D2908F8C300552C85 /* UnicornTests.swift */; };
		DC481D682908F8C300552C85 /* UnicornUITests.swift in Sources */ = {isa = PBXBuildFile; fileRef = DC481D672908F8C300552C85 /* UnicornUITests.swift */; };
		DC481D6A2908F8C300552C85 /* UnicornUITestsLaunchTests.swift in Sources */ = {isa = PBXBuildFile; fileRef = DC481D692908F8C300552C85 /* UnicornUITestsLaunchTests.swift */; };
		DC481D7B29091C3300552C85 /* Engine.swift in Sources */ = {isa = PBXBuildFile; fileRef = DC481D7A29091C3300552C85 /* Engine.swift */; };
		DC481D7D29091C4200552C85 /* Reactor.swift in Sources */ = {isa = PBXBuildFile; fileRef = DC481D7C29091C4200552C85 /* Reactor.swift */; };
/* End PBXBuildFile section */

/* Begin PBXContainerItemProxy section */
		DC481D5A2908F8C300552C85 /* PBXContainerItemProxy */ = {
			isa = PBXContainerItemProxy;
			containerPortal = DC481D412908F8C100552C85 /* Project object */;
			proxyType = 1;
			remoteGlobalIDString = DC481D482908F8C100552C85;
			remoteInfo = Unicorn;
		};
		DC481D642908F8C300552C85 /* PBXContainerItemProxy */ = {
			isa = PBXContainerItemProxy;
			containerPortal = DC481D412908F8C100552C85 /* Project object */;
			proxyType = 1;
			remoteGlobalIDString = DC481D482908F8C100552C85;
			remoteInfo = Unicorn;
		};
/* End PBXContainerItemProxy section */

/* Begin PBXFileReference section */
		DC481D492908F8C100552C85 /* Unicorn.app */ = {isa = PBXFileReference; explicitFileType = wrapper.application; includeInIndex = 0; path = Unicorn.app; sourceTree = BUILT_PRODUCTS_DIR; };
		DC481D4C2908F8C100552C85 /* UnicornApp.swift */ = {isa = PBXFileReference; lastKnownFileType = sourcecode.swift; path = UnicornApp.swift; sourceTree = "<group>"; };
		DC481D4E2908F8C100552C85 /* ContentView.swift */ = {isa = PBXFileReference; lastKnownFileType = sourcecode.swift; path = ContentView.swift; sourceTree = "<group>"; };
		DC481D502908F8C300552C85 /* Assets.xcassets */ = {isa = PBXFileReference; lastKnownFileType = folder.assetcatalog; path = Assets.xcassets; sourceTree = "<group>"; };
		DC481D532908F8C300552C85 /* Preview Assets.xcassets */ = {isa = PBXFileReference; lastKnownFileType = folder.assetcatalog; path = "Preview Assets.xcassets"; sourceTree = "<group>"; };
		DC481D592908F8C300552C85 /* UnicornTests.xctest */ = {isa = PBXFileReference; explicitFileType = wrapper.cfbundle; includeInIndex = 0; path = UnicornTests.xctest; sourceTree = BUILT_PRODUCTS_DIR; };
		DC481D5D2908F8C300552C85 /* UnicornTests.swift */ = {isa = PBXFileReference; lastKnownFileType = sourcecode.swift; path = UnicornTests.swift; sourceTree = "<group>"; };
		DC481D632908F8C300552C85 /* UnicornUITests.xctest */ = {isa = PBXFileReference; explicitFileType = wrapper.cfbundle; includeInIndex = 0; path = UnicornUITests.xctest; sourceTree = BUILT_PRODUCTS_DIR; };
		DC481D672908F8C300552C85 /* UnicornUITests.swift */ = {isa = PBXFileReference; lastKnownFileType = sourcecode.swift; path = UnicornUITests.swift; sourceTree = "<group>"; };
		DC481D692908F8C300552C85 /* UnicornUITestsLaunchTests.swift */ = {isa = PBXFileReference; lastKnownFileType = sourcecode.swift; path = UnicornUITestsLaunchTests.swift; sourceTree = "<group>"; };
		DC481D7A29091C3300552C85 /* Engine.swift */ = {isa = PBXFileReference; lastKnownFileType = sourcecode.swift; path = Engine.swift; sourceTree = "<group>"; };
		DC481D7C29091C4200552C85 /* Reactor.swift */ = {isa = PBXFileReference; lastKnownFileType = sourcecode.swift; path = Reactor.swift; sourceTree = "<group>"; };
/* End PBXFileReference section */

/* Begin PBXFrameworksBuildPhase section */
		DC481D462908F8C100552C85 /* Frameworks */ = {
			isa = PBXFrameworksBuildPhase;
			buildActionMask = 2147483647;
			files = (
			);
			runOnlyForDeploymentPostprocessing = 0;
		};
		DC481D562908F8C300552C85 /* Frameworks */ = {
			isa = PBXFrameworksBuildPhase;
			buildActionMask = 2147483647;
			files = (
			);
			runOnlyForDeploymentPostprocessing = 0;
		};
		DC481D602908F8C300552C85 /* Frameworks */ = {
			isa = PBXFrameworksBuildPhase;
			buildActionMask = 2147483647;
			files = (
			);
			runOnlyForDeploymentPostprocessing = 0;
		};
/* End PBXFrameworksBuildPhase section */

/* Begin PBXGroup section */
		DC481D402908F8C100552C85 = {
			isa = PBXGroup;
			children = (
				DC481D4B2908F8C100552C85 /* Unicorn */,
				DC481D5C2908F8C300552C85 /* UnicornTests */,
				DC481D662908F8C300552C85 /* UnicornUITests */,
				DC481D4A2908F8C100552C85 /* Products */,
			);
			sourceTree = "<group>";
		};
		DC481D4A2908F8C100552C85 /* Products */ = {
			isa = PBXGroup;
			children = (
				DC481D492908F8C100552C85 /* Unicorn.app */,
				DC481D592908F8C300552C85 /* UnicornTests.xctest */,
				DC481D632908F8C300552C85 /* UnicornUITests.xctest */,
			);
			name = Products;
			sourceTree = "<group>";
		};
		DC481D4B2908F8C100552C85 /* Unicorn */ = {
			isa = PBXGroup;
			children = (
				DC481D4C2908F8C100552C85 /* UnicornApp.swift */,
				DC481D4E2908F8C100552C85 /* ContentView.swift */,
				DC481D502908F8C300552C85 /* Assets.xcassets */,
				DC481D522908F8C300552C85 /* Preview Content */,
				DC481D7A29091C3300552C85 /* Engine.swift */,
				DC481D7C29091C4200552C85 /* Reactor.swift */,
			);
			path = Unicorn;
			sourceTree = "<group>";
		};
		DC481D522908F8C300552C85 /* Preview Content */ = {
			isa = PBXGroup;
			children = (
				DC481D532908F8C300552C85 /* Preview Assets.xcassets */,
			);
			path = "Preview Content";
			sourceTree = "<group>";
		};
		DC481D5C2908F8C300552C85 /* UnicornTests */ = {
			isa = PBXGroup;
			children = (
				DC481D5D2908F8C300552C85 /* UnicornTests.swift */,
			);
			path = UnicornTests;
			sourceTree = "<group>";
		};
		DC481D662908F8C300552C85 /* UnicornUITests */ = {
			isa = PBXGroup;
			children = (
				DC481D672908F8C300552C85 /* UnicornUITests.swift */,
				DC481D692908F8C300552C85 /* UnicornUITestsLaunchTests.swift */,
			);
			path = UnicornUITests;
			sourceTree = "<group>";
		};
/* End PBXGroup section */

/* Begin PBXNativeTarget section */
		DC481D482908F8C100552C85 /* Unicorn */ = {
			isa = PBXNativeTarget;
			buildConfigurationList = DC481D6D2908F8C300552C85 /* Build configuration list for PBXNativeTarget "Unicorn" */;
			buildPhases = (
				DC481D452908F8C100552C85 /* Sources */,
				DC481D462908F8C100552C85 /* Frameworks */,
				DC481D472908F8C100552C85 /* Resources */,
			);
			buildRules = (
			);
			dependencies = (
			);
			name = Unicorn;
			productName = Unicorn;
			productReference = DC481D492908F8C100552C85 /* Unicorn.app */;
			productType = "com.apple.product-type.application";
		};
		DC481D582908F8C300552C85 /* UnicornTests */ = {
			isa = PBXNativeTarget;
			buildConfigurationList = DC481D702908F8C300552C85 /* Build configuration list for PBXNativeTarget "UnicornTests" */;
			buildPhases = (
				DC481D552908F8C300552C85 /* Sources */,
				DC481D562908F8C300552C85 /* Frameworks */,
				DC481D572908F8C300552C85 /* Resources */,
			);
			buildRules = (
			);
			dependencies = (
				DC481D5B2908F8C300552C85 /* PBXTargetDependency */,
			);
			name = UnicornTests;
			productName = UnicornTests;
			productReference = DC481D592908F8C300552C85 /* UnicornTests.xctest */;
			productType = "com.apple.product-type.bundle.unit-test";
		};
		DC481D622908F8C300552C85 /* UnicornUITests */ = {
			isa = PBXNativeTarget;
			buildConfigurationList = DC481D732908F8C300552C85 /* Build configuration list for PBXNativeTarget "UnicornUITests" */;
			buildPhases = (
				DC481D5F2908F8C300552C85 /* Sources */,
				DC481D602908F8C300552C85 /* Frameworks */,
				DC481D612908F8C300552C85 /* Resources */,
			);
			buildRules = (
			);
			dependencies = (
				DC481D652908F8C300552C85 /* PBXTargetDependency */,
			);
			name = UnicornUITests;
			productName = UnicornUITests;
			productReference = DC481D632908F8C300552C85 /* UnicornUITests.xctest */;
			productType = "com.apple.product-type.bundle.ui-testing";
		};
/* End PBXNativeTarget section */

/* Begin PBXProject section */
		DC481D412908F8C100552C85 /* Project object */ = {
			isa = PBXProject;
			attributes = {
				BuildIndependentTargetsInParallel = 1;
				LastSwiftUpdateCheck = 1400;
				LastUpgradeCheck = 1400;
				TargetAttributes = {
					DC481D482908F8C100552C85 = {
						CreatedOnToolsVersion = 14.0.1;
					};
					DC481D582908F8C300552C85 = {
						CreatedOnToolsVersion = 14.0.1;
						TestTargetID = DC481D482908F8C100552C85;
					};
					DC481D622908F8C300552C85 = {
						CreatedOnToolsVersion = 14.0.1;
						TestTargetID = DC481D482908F8C100552C85;
					};
				};
			};
			buildConfigurationList = DC481D442908F8C100552C85 /* Build configuration list for PBXProject "Unicorn" */;
			compatibilityVersion = "Xcode 14.0";
			developmentRegion = en;
			hasScannedForEncodings = 0;
			knownRegions = (
				en,
				Base,
			);
			mainGroup = DC481D402908F8C100552C85;
			productRefGroup = DC481D4A2908F8C100552C85 /* Products */;
			projectDirPath = "";
			projectRoot = "";
			targets = (
				DC481D482908F8C100552C85 /* Unicorn */,
				DC481D582908F8C300552C85 /* UnicornTests */,
				DC481D622908F8C300552C85 /* UnicornUITests */,
			);
		};
/* End PBXProject section */

/* Begin PBXResourcesBuildPhase section */
		DC481D472908F8C100552C85 /* Resources */ = {
			isa = PBXResourcesBuildPhase;
			buildActionMask = 2147483647;
			files = (
				DC481D542908F8C300552C85 /* Preview Assets.xcassets in Resources */,
				DC481D512908F8C300552C85 /* Assets.xcassets in Resources */,
			);
			runOnlyForDeploymentPostprocessing = 0;
		};
		DC481D572908F8C300552C85 /* Resources */ = {
			isa = PBXResourcesBuildPhase;
			buildActionMask = 2147483647;
			files = (
			);
			runOnlyForDeploymentPostprocessing = 0;
		};
		DC481D612908F8C300552C85 /* Resources */ = {
			isa = PBXResourcesBuildPhase;
			buildActionMask = 2147483647;
			files = (
			);
			runOnlyForDeploymentPostprocessing = 0;
		};
/* End PBXResourcesBuildPhase section */

/* Begin PBXSourcesBuildPhase section */
		DC481D452908F8C100552C85 /* Sources */ = {
			isa = PBXSourcesBuildPhase;
			buildActionMask = 2147483647;
			files = (
				DC481D7D29091C4200552C85 /* Reactor.swift in Sources */,
				DC481D4F2908F8C100552C85 /* ContentView.swift in Sources */,
				DC481D7B29091C3300552C85 /* Engine.swift in Sources */,
				DC481D4D2908F8C100552C85 /* UnicornApp.swift in Sources */,
			);
			runOnlyForDeploymentPostprocessing = 0;
		};
		DC481D552908F8C300552C85 /* Sources */ = {
			isa = PBXSourcesBuildPhase;
			buildActionMask = 2147483647;
			files = (
				DC481D5E2908F8C300552C85 /* UnicornTests.swift in Sources */,
			);
			runOnlyForDeploymentPostprocessing = 0;
		};
		DC481D5F2908F8C300552C85 /* Sources */ = {
			isa = PBXSourcesBuildPhase;
			buildActionMask = 2147483647;
			files = (
				DC481D682908F8C300552C85 /* UnicornUITests.swift in Sources */,
				DC481D6A2908F8C300552C85 /* UnicornUITestsLaunchTests.swift in Sources */,
			);
			runOnlyForDeploymentPostprocessing = 0;
		};
/* End PBXSourcesBuildPhase section */

/* Begin PBXTargetDependency section */
		DC481D5B2908F8C300552C85 /* PBXTargetDependency */ = {
			isa = PBXTargetDependency;
			target = DC481D482908F8C100552C85 /* Unicorn */;
			targetProxy = DC481D5A2908F8C300552C85 /* PBXContainerItemProxy */;
		};
		DC481D652908F8C300552C85 /* PBXTargetDependency */ = {
			isa = PBXTargetDependency;
			target = DC481D482908F8C100552C85 /* Unicorn */;
			targetProxy = DC481D642908F8C300552C85 /* PBXContainerItemProxy */;
		};
/* End PBXTargetDependency section */

/* Begin XCBuildConfiguration section */
		DC481D6B2908F8C300552C85 /* Debug */ = {
			isa = XCBuildConfiguration;
			buildSettings = {
				ALWAYS_SEARCH_USER_PATHS = NO;
				CLANG_ANALYZER_NONNULL = YES;
				CLANG_ANALYZER_NUMBER_OBJECT_CONVERSION = YES_AGGRESSIVE;
				CLANG_CXX_LANGUAGE_STANDARD = "gnu++20";
				CLANG_ENABLE_MODULES = YES;
				CLANG_ENABLE_OBJC_ARC = YES;
				CLANG_ENABLE_OBJC_WEAK = YES;
				CLANG_WARN_BLOCK_CAPTURE_AUTORELEASING = YES;
				CLANG_WARN_BOOL_CONVERSION = YES;
				CLANG_WARN_COMMA = YES;
				CLANG_WARN_CONSTANT_CONVERSION = YES;
				CLANG_WARN_DEPRECATED_OBJC_IMPLEMENTATIONS = YES;
				CLANG_WARN_DIRECT_OBJC_ISA_USAGE = YES_ERROR;
				CLANG_WARN_DOCUMENTATION_COMMENTS = YES;
				CLANG_WARN_EMPTY_BODY = YES;
				CLANG_WARN_ENUM_CONVERSION = YES;
				CLANG_WARN_INFINITE_RECURSION = YES;
				CLANG_WARN_INT_CONVERSION = YES;
				CLANG_WARN_NON_LITERAL_NULL_CONVERSION = YES;
				CLANG_WARN_OBJC_IMPLICIT_RETAIN_SELF = YES;
				CLANG_WARN_OBJC_LITERAL_CONVERSION = YES;
				CLANG_WARN_OBJC_ROOT_CLASS = YES_ERROR;
				CLANG_WARN_QUOTED_INCLUDE_IN_FRAMEWORK_HEADER = YES;
				CLANG_WARN_RANGE_LOOP_ANALYSIS = YES;
				CLANG_WARN_STRICT_PROTOTYPES = YES;
				CLANG_WARN_SUSPICIOUS_MOVE = YES;
				CLANG_WARN_UNGUARDED_AVAILABILITY = YES_AGGRESSIVE;
				CLANG_WARN_UNREACHABLE_CODE = YES;
				CLANG_WARN__DUPLICATE_METHOD_MATCH = YES;
				COPY_PHASE_STRIP = NO;
				DEBUG_INFORMATION_FORMAT = dwarf;
				ENABLE_STRICT_OBJC_MSGSEND = YES;
				ENABLE_TESTABILITY = YES;
				GCC_C_LANGUAGE_STANDARD = gnu11;
				GCC_DYNAMIC_NO_PIC = NO;
				GCC_NO_COMMON_BLOCKS = YES;
				GCC_OPTIMIZATION_LEVEL = 0;
				GCC_PREPROCESSOR_DEFINITIONS = (
					"DEBUG=1",
					"$(inherited)",
				);
				GCC_WARN_64_TO_32_BIT_CONVERSION = YES;
				GCC_WARN_ABOUT_RETURN_TYPE = YES_ERROR;
				GCC_WARN_UNDECLARED_SELECTOR = YES;
				GCC_WARN_UNINITIALIZED_AUTOS = YES_AGGRESSIVE;
				GCC_WARN_UNUSED_FUNCTION = YES;
				GCC_WARN_UNUSED_VARIABLE = YES;
				IPHONEOS_DEPLOYMENT_TARGET = 16.0;
				MTL_ENABLE_DEBUG_INFO = INCLUDE_SOURCE;
				MTL_FAST_MATH = YES;
				ONLY_ACTIVE_ARCH = YES;
				SDKROOT = iphoneos;
				SWIFT_ACTIVE_COMPILATION_CONDITIONS = DEBUG;
				SWIFT_OPTIMIZATION_LEVEL = "-Onone";
			};
			name = Debug;
		};
		DC481D6C2908F8C300552C85 /* Release */ = {
			isa = XCBuildConfiguration;
			buildSettings = {
				ALWAYS_SEARCH_USER_PATHS = NO;
				CLANG_ANALYZER_NONNULL = YES;
				CLANG_ANALYZER_NUMBER_OBJECT_CONVERSION = YES_AGGRESSIVE;
				CLANG_CXX_LANGUAGE_STANDARD = "gnu++20";
				CLANG_ENABLE_MODULES = YES;
				CLANG_ENABLE_OBJC_ARC = YES;
				CLANG_ENABLE_OBJC_WEAK = YES;
				CLANG_WARN_BLOCK_CAPTURE_AUTORELEASING = YES;
				CLANG_WARN_BOOL_CONVERSION = YES;
				CLANG_WARN_COMMA = YES;
				CLANG_WARN_CONSTANT_CONVERSION = YES;
				CLANG_WARN_DEPRECATED_OBJC_IMPLEMENTATIONS = YES;
				CLANG_WARN_DIRECT_OBJC_ISA_USAGE = YES_ERROR;
				CLANG_WARN_DOCUMENTATION_COMMENTS = YES;
				CLANG_WARN_EMPTY_BODY = YES;
				CLANG_WARN_ENUM_CONVERSION = YES;
				CLANG_WARN_INFINITE_RECURSION = YES;
				CLANG_WARN_INT_CONVERSION = YES;
				CLANG_WARN_NON_LITERAL_NULL_CONVERSION = YES;
				CLANG_WARN_OBJC_IMPLICIT_RETAIN_SELF = YES;
				CLANG_WARN_OBJC_LITERAL_CONVERSION = YES;
				CLANG_WARN_OBJC_ROOT_CLASS = YES_ERROR;
				CLANG_WARN_QUOTED_INCLUDE_IN_FRAMEWORK_HEADER = YES;
				CLANG_WARN_RANGE_LOOP_ANALYSIS = YES;
				CLANG_WARN_STRICT_PROTOTYPES = YES;
				CLANG_WARN_SUSPICIOUS_MOVE = YES;
				CLANG_WARN_UNGUARDED_AVAILABILITY = YES_AGGRESSIVE;
				CLANG_WARN_UNREACHABLE_CODE = YES;
				CLANG_WARN__DUPLICATE_METHOD_MATCH = YES;
				COPY_PHASE_STRIP = NO;
				DEBUG_INFORMATION_FORMAT = "dwarf-with-dsym";
				ENABLE_NS_ASSERTIONS = NO;
				ENABLE_STRICT_OBJC_MSGSEND = YES;
				GCC_C_LANGUAGE_STANDARD = gnu11;
				GCC_NO_COMMON_BLOCKS = YES;
				GCC_WARN_64_TO_32_BIT_CONVERSION = YES;
				GCC_WARN_ABOUT_RETURN_TYPE = YES_ERROR;
				GCC_WARN_UNDECLARED_SELECTOR = YES;
				GCC_WARN_UNINITIALIZED_AUTOS = YES_AGGRESSIVE;
				GCC_WARN_UNUSED_FUNCTION = YES;
				GCC_WARN_UNUSED_VARIABLE = YES;
				IPHONEOS_DEPLOYMENT_TARGET = 16.0;
				MTL_ENABLE_DEBUG_INFO = NO;
				MTL_FAST_MATH = YES;
				SDKROOT = iphoneos;
				SWIFT_COMPILATION_MODE = wholemodule;
				SWIFT_OPTIMIZATION_LEVEL = "-O";
				VALIDATE_PRODUCT = YES;
			};
			name = Release;
		};
		DC481D6E2908F8C300552C85 /* Debug */ = {
			isa = XCBuildConfiguration;
			buildSettings = {
				ASSETCATALOG_COMPILER_APPICON_NAME = AppIcon;
				ASSETCATALOG_COMPILER_GLOBAL_ACCENT_COLOR_NAME = AccentColor;
				CODE_SIGN_STYLE = Automatic;
				CURRENT_PROJECT_VERSION = 1;
				DEVELOPMENT_ASSET_PATHS = "\"Unicorn/Preview Content\"";
				ENABLE_PREVIEWS = YES;
				GENERATE_INFOPLIST_FILE = YES;
				INFOPLIST_KEY_UIApplicationSceneManifest_Generation = YES;
				INFOPLIST_KEY_UIApplicationSupportsIndirectInputEvents = YES;
				INFOPLIST_KEY_UILaunchScreen_Generation = YES;
				INFOPLIST_KEY_UISupportedInterfaceOrientations_iPad = "UIInterfaceOrientationPortrait UIInterfaceOrientationPortraitUpsideDown UIInterfaceOrientationLandscapeLeft UIInterfaceOrientationLandscapeRight";
				INFOPLIST_KEY_UISupportedInterfaceOrientations_iPhone = "UIInterfaceOrientationPortrait UIInterfaceOrientationLandscapeLeft UIInterfaceOrientationLandscapeRight";
				LD_RUNPATH_SEARCH_PATHS = (
					"$(inherited)",
					"@executable_path/Frameworks",
				);
				MARKETING_VERSION = 1.0;
				PRODUCT_BUNDLE_IDENTIFIER = com.codelabspro.mobile.ios.unicorn.Unicorn;
				PRODUCT_NAME = "$(TARGET_NAME)";
				SWIFT_EMIT_LOC_STRINGS = YES;
				SWIFT_VERSION = 5.0;
				TARGETED_DEVICE_FAMILY = "1,2";
			};
			name = Debug;
		};
		DC481D6F2908F8C300552C85 /* Release */ = {
			isa = XCBuildConfiguration;
			buildSettings = {
				ASSETCATALOG_COMPILER_APPICON_NAME = AppIcon;
				ASSETCATALOG_COMPILER_GLOBAL_ACCENT_COLOR_NAME = AccentColor;
				CODE_SIGN_STYLE = Automatic;
				CURRENT_PROJECT_VERSION = 1;
				DEVELOPMENT_ASSET_PATHS = "\"Unicorn/Preview Content\"";
				ENABLE_PREVIEWS = YES;
				GENERATE_INFOPLIST_FILE = YES;
				INFOPLIST_KEY_UIApplicationSceneManifest_Generation = YES;
				INFOPLIST_KEY_UIApplicationSupportsIndirectInputEvents = YES;
				INFOPLIST_KEY_UILaunchScreen_Generation = YES;
				INFOPLIST_KEY_UISupportedInterfaceOrientations_iPad = "UIInterfaceOrientationPortrait UIInterfaceOrientationPortraitUpsideDown UIInterfaceOrientationLandscapeLeft UIInterfaceOrientationLandscapeRight";
				INFOPLIST_KEY_UISupportedInterfaceOrientations_iPhone = "UIInterfaceOrientationPortrait UIInterfaceOrientationLandscapeLeft UIInterfaceOrientationLandscapeRight";
				LD_RUNPATH_SEARCH_PATHS = (
					"$(inherited)",
					"@executable_path/Frameworks",
				);
				MARKETING_VERSION = 1.0;
				PRODUCT_BUNDLE_IDENTIFIER = com.codelabspro.mobile.ios.unicorn.Unicorn;
				PRODUCT_NAME = "$(TARGET_NAME)";
				SWIFT_EMIT_LOC_STRINGS = YES;
				SWIFT_VERSION = 5.0;
				TARGETED_DEVICE_FAMILY = "1,2";
			};
			name = Release;
		};
		DC481D712908F8C300552C85 /* Debug */ = {
			isa = XCBuildConfiguration;
			buildSettings = {
				ALWAYS_EMBED_SWIFT_STANDARD_LIBRARIES = YES;
				BUNDLE_LOADER = "$(TEST_HOST)";
				CODE_SIGN_STYLE = Automatic;
				CURRENT_PROJECT_VERSION = 1;
				GENERATE_INFOPLIST_FILE = YES;
				IPHONEOS_DEPLOYMENT_TARGET = 16.0;
				MARKETING_VERSION = 1.0;
				PRODUCT_BUNDLE_IDENTIFIER = com.codelabspro.mobile.ios.unicorn.UnicornTests;
				PRODUCT_NAME = "$(TARGET_NAME)";
				SWIFT_EMIT_LOC_STRINGS = NO;
				SWIFT_VERSION = 5.0;
				TARGETED_DEVICE_FAMILY = "1,2";
				TEST_HOST = "$(BUILT_PRODUCTS_DIR)/Unicorn.app/$(BUNDLE_EXECUTABLE_FOLDER_PATH)/Unicorn";
			};
			name = Debug;
		};
		DC481D722908F8C300552C85 /* Release */ = {
			isa = XCBuildConfiguration;
			buildSettings = {
				ALWAYS_EMBED_SWIFT_STANDARD_LIBRARIES = YES;
				BUNDLE_LOADER = "$(TEST_HOST)";
				CODE_SIGN_STYLE = Automatic;
				CURRENT_PROJECT_VERSION = 1;
				GENERATE_INFOPLIST_FILE = YES;
				IPHONEOS_DEPLOYMENT_TARGET = 16.0;
				MARKETING_VERSION = 1.0;
				PRODUCT_BUNDLE_IDENTIFIER = com.codelabspro.mobile.ios.unicorn.UnicornTests;
				PRODUCT_NAME = "$(TARGET_NAME)";
				SWIFT_EMIT_LOC_STRINGS = NO;
				SWIFT_VERSION = 5.0;
				TARGETED_DEVICE_FAMILY = "1,2";
				TEST_HOST = "$(BUILT_PRODUCTS_DIR)/Unicorn.app/$(BUNDLE_EXECUTABLE_FOLDER_PATH)/Unicorn";
			};
			name = Release;
		};
		DC481D742908F8C300552C85 /* Debug */ = {
			isa = XCBuildConfiguration;
			buildSettings = {
				ALWAYS_EMBED_SWIFT_STANDARD_LIBRARIES = YES;
				CODE_SIGN_STYLE = Automatic;
				CURRENT_PROJECT_VERSION = 1;
				GENERATE_INFOPLIST_FILE = YES;
				MARKETING_VERSION = 1.0;
				PRODUCT_BUNDLE_IDENTIFIER = com.codelabspro.mobile.ios.unicorn.UnicornUITests;
				PRODUCT_NAME = "$(TARGET_NAME)";
				SWIFT_EMIT_LOC_STRINGS = NO;
				SWIFT_VERSION = 5.0;
				TARGETED_DEVICE_FAMILY = "1,2";
				TEST_TARGET_NAME = Unicorn;
			};
			name = Debug;
		};
		DC481D752908F8C300552C85 /* Release */ = {
			isa = XCBuildConfiguration;
			buildSettings = {
				ALWAYS_EMBED_SWIFT_STANDARD_LIBRARIES = YES;
				CODE_SIGN_STYLE = Automatic;
				CURRENT_PROJECT_VERSION = 1;
				GENERATE_INFOPLIST_FILE = YES;
				MARKETING_VERSION = 1.0;
				PRODUCT_BUNDLE_IDENTIFIER = com.codelabspro.mobile.ios.unicorn.UnicornUITests;
				PRODUCT_NAME = "$(TARGET_NAME)";
				SWIFT_EMIT_LOC_STRINGS = NO;
				SWIFT_VERSION = 5.0;
				TARGETED_DEVICE_FAMILY = "1,2";
				TEST_TARGET_NAME = Unicorn;
			};
			name = Release;
		};
/* End XCBuildConfiguration section */

/* Begin XCConfigurationList section */
		DC481D442908F8C100552C85 /* Build configuration list for PBXProject "Unicorn" */ = {
			isa = XCConfigurationList;
			buildConfigurations = (
				DC481D6B2908F8C300552C85 /* Debug */,
				DC481D6C2908F8C300552C85 /* Release */,
			);
			defaultConfigurationIsVisible = 0;
			defaultConfigurationName = Release;
		};
		DC481D6D2908F8C300552C85 /* Build configuration list for PBXNativeTarget "Unicorn" */ = {
			isa = XCConfigurationList;
			buildConfigurations = (
				DC481D6E2908F8C300552C85 /* Debug */,
				DC481D6F2908F8C300552C85 /* Release */,
			);
			defaultConfigurationIsVisible = 0;
			defaultConfigurationName = Release;
		};
		DC481D702908F8C300552C85 /* Build configuration list for PBXNativeTarget "UnicornTests" */ = {
			isa = XCConfigurationList;
			buildConfigurations = (
				DC481D712908F8C300552C85 /* Debug */,
				DC481D722908F8C300552C85 /* Release */,
			);
			defaultConfigurationIsVisible = 0;
			defaultConfigurationName = Release;
		};
		DC481D732908F8C300552C85 /* Build configuration list for PBXNativeTarget "UnicornUITests" */ = {
			isa = XCConfigurationList;
			buildConfigurations = (
				DC481D742908F8C300552C85 /* Debug */,
				DC481D752908F8C300552C85 /* Release */,
			);
			defaultConfigurationIsVisible = 0;
			defaultConfigurationName = Release;
		};
/* End XCConfigurationList section */
	};
	rootObject = DC481D412908F8C100552C85 /* Project object */;
}
